{
  "name": "@singleware/ui-routing",
  "version": "1.0.2",
  "lockfileVersion": 1,
  "requires": true,
  "dependencies": {
    "@singleware/application": {
      "version": "1.1.4",
      "resolved": "https://registry.npmjs.org/@singleware/application/-/application-1.1.4.tgz",
      "integrity": "sha512-/CK1DK2dGA2qPp9sjk7mZ919ZoQF4TGVBq6AwFhWD1AYsAbAuyCZGbRWHSGB2pqBi6VRvpOQm3yIIvZoW2m1LQ==",
      "dev": true,
      "requires": {
        "@singleware/class": "^1.1.11",
        "@singleware/injection": "^1.0.17",
        "@singleware/observable": "^1.0.19",
        "@singleware/routing": "^1.0.23"
      }
    },
    "@singleware/class": {
      "version": "1.1.12",
      "resolved": "https://registry.npmjs.org/@singleware/class/-/class-1.1.12.tgz",
      "integrity": "sha512-8K7sphwttR5mqIiWUAINzHe37weLtHlymN/YxD6uFARIv2cMrL4BrqcGi7EurdsbJlXmUDYcjPUu6BNWkK5RoA=="
    },
    "@singleware/frontend": {
      "version": "1.1.0",
      "resolved": "https://registry.npmjs.org/@singleware/frontend/-/frontend-1.1.0.tgz",
      "integrity": "sha512-3FADGOBwrdU66VRNkic27fHy//3K/nxEDtIoZvYxB1VxZWZPeYAVvKbO8RLPt3YVs0cQKLAcJXfmsPc95k93sQ==",
      "dev": true,
      "requires": {
        "@singleware/application": "^1.1.4",
        "@singleware/class": "^1.1.11",
        "@singleware/jsx": "^1.0.12",
        "@singleware/path": "^1.0.1"
      }
    },
    "@singleware/injection": {
      "version": "1.0.17",
      "resolved": "https://registry.npmjs.org/@singleware/injection/-/injection-1.0.17.tgz",
      "integrity": "sha512-8gqnlkSze5Z02K17mGqAXIBHA1keTkeWunum2HA1BHf0m15uDYQM3dpIM2fe6nid5DMkacDucF2SNXbvY7t6PQ==",
      "dev": true,
      "requires": {
        "@singleware/class": "^1.1.9"
      }
    },
    "@singleware/jsx": {
      "version": "1.0.12",
      "resolved": "https://registry.npmjs.org/@singleware/jsx/-/jsx-1.0.12.tgz",
      "integrity": "sha512-mBUJD08wK83UEPkJ7D+XkDa+FbSarDi7aqBMLLxDcmj3WCfoREVp2r5+JuNVfmcEElViQeB9Jq9hj+P7zPWURA==",
      "requires": {
        "@singleware/class": "^1.1.9"
      }
    },
    "@singleware/observable": {
      "version": "1.0.19",
      "resolved": "https://registry.npmjs.org/@singleware/observable/-/observable-1.0.19.tgz",
      "integrity": "sha512-ygb11rq6H4sC1u0W7bcwwcRQgyngkG1ckicisBysOq5v+1Af02Mr/QqsyLInPoQxcnq2OZaiFTASnfNsoxg9eg==",
      "requires": {
        "@singleware/class": "^1.1.9"
      }
    },
    "@singleware/path": {
      "version": "1.0.1",
      "resolved": "https://registry.npmjs.org/@singleware/path/-/path-1.0.1.tgz",
      "integrity": "sha512-sDel087axn9a5gfBg37X+dvm5xNngx/QOcrrI7pRUvcKfjDx34RPtuz16dzyD47eCDlKVAdzYHXr4oGOGCVWKg==",
      "requires": {
        "@singleware/class": "^1.1.11"
      }
    },
    "@singleware/pipeline": {
      "version": "1.0.16",
      "resolved": "https://registry.npmjs.org/@singleware/pipeline/-/pipeline-1.0.16.tgz",
      "integrity": "sha512-KU9h7vBBFLopmvAFFMtFkwNgs+rEQq2mMyfgn3rJkzmiAy86tB5R2VDZUgi/04G7i2QNN1THbIc6MN8M+/HB0w==",
      "requires": {
        "@singleware/class": "^1.1.9",
        "@singleware/observable": "^1.0.19"
      }
    },
    "@singleware/routing": {
      "version": "1.0.24",
      "resolved": "https://registry.npmjs.org/@singleware/routing/-/routing-1.0.24.tgz",
      "integrity": "sha512-tGj7W5chDQKUj74LexilDX5jLQwH1rmVrUWs7toSDNErpiqWP/HT9K7Gfptrm2xYAWT0Ghh0LBmleO/oTBWZZg==",
      "requires": {
        "@singleware/class": "^1.1.9",
        "@singleware/pipeline": "^1.0.16"
      }
    },
    "@singleware/ui-control": {
      "version": "1.1.2",
      "resolved": "https://registry.npmjs.org/@singleware/ui-control/-/ui-control-1.1.2.tgz",
      "integrity": "sha512-uT2gEuwScQgooV9DAOCyt+IW73/qN3TWy3215yJZr2anEjsmSH0PlCCPn4CT7iFeZM14xA4hVcCxY+7DUrI0XQ==",
      "requires": {
        "@singleware/class": "^1.1.9",
        "@singleware/jsx": "^1.0.11"
      }
    },
    "prettier": {
      "version": "1.14.3",
      "resolved": "https://registry.npmjs.org/prettier/-/prettier-1.14.3.tgz",
      "integrity": "sha512-qZDVnCrnpsRJJq5nSsiHCE3BYMED2OtsI+cmzIzF1QIfqm5ALf8tEJcO27zV1gKNKRPdhjO0dNWnrzssDQ1tFg==",
      "dev": true
    },
    "typescript": {
      "version": "2.9.2",
      "resolved": "https://registry.npmjs.org/typescript/-/typescript-2.9.2.tgz",
      "integrity": "sha512-Gr4p6nFNaoufRIY4NMdpQRNmgxVIGMs4Fcu/ujdYk3nAZqk7supzBE9idmvfZIlH/Cuj//dvi+019qEue9lV0w==",
      "dev": true
    }
  }
}
