{
  "name": "@singleware/ui-routing",
  "version": "1.0.1",
  "lockfileVersion": 1,
  "requires": true,
  "dependencies": {
    "@singleware/application": {
      "version": "1.0.32",
      "resolved": "https://registry.npmjs.org/@singleware/application/-/application-1.0.32.tgz",
      "integrity": "sha512-EdEnVEx5f9X9/8h3O7ragr9CiwnlyUQqB1pqxw7KA99gfZzoozqiSILZ+JereP70Ie7bAVyIOi2QSRmmmOWn3g==",
      "dev": true,
      "requires": {
        "@singleware/class": "^1.1.11",
        "@singleware/injection": "^1.0.17",
        "@singleware/observable": "^1.0.19",
        "@singleware/routing": "^1.0.23"
      },
      "dependencies": {
        "@singleware/class": {
          "version": "1.1.11",
          "resolved": "https://registry.npmjs.org/@singleware/class/-/class-1.1.11.tgz",
          "integrity": "sha512-VBehqT+XCt9X2Z7U4AHUjHDHvG7VCziJy3mUVTh0T7CmsJ6s+qV94uHxnUWMrCoALz8l9Aqtj1inPNEqzMdR/Q==",
          "dev": true
        }
      }
    },
    "@singleware/class": {
      "version": "1.1.11",
      "resolved": "https://registry.npmjs.org/@singleware/class/-/class-1.1.11.tgz",
      "integrity": "sha512-VBehqT+XCt9X2Z7U4AHUjHDHvG7VCziJy3mUVTh0T7CmsJ6s+qV94uHxnUWMrCoALz8l9Aqtj1inPNEqzMdR/Q=="
    },
    "@singleware/frontend": {
      "version": "1.0.28",
      "resolved": "https://registry.npmjs.org/@singleware/frontend/-/frontend-1.0.28.tgz",
      "integrity": "sha512-O7Vg4iON7pWPnV8ytaVAaYeu944EVOFg7+6ui0C3tPp158Me4U4Os7UWAPowJiDuSm96AILnmfBbLu9L2/xZPw==",
      "dev": true,
      "requires": {
        "@singleware/application": "^1.0.32",
        "@singleware/class": "^1.1.11",
        "@singleware/jsx": "^1.0.12"
      },
      "dependencies": {
        "@singleware/class": {
          "version": "1.1.11",
          "resolved": "https://registry.npmjs.org/@singleware/class/-/class-1.1.11.tgz",
          "integrity": "sha512-VBehqT+XCt9X2Z7U4AHUjHDHvG7VCziJy3mUVTh0T7CmsJ6s+qV94uHxnUWMrCoALz8l9Aqtj1inPNEqzMdR/Q==",
          "dev": true
        },
        "@singleware/jsx": {
          "version": "1.0.12",
          "resolved": "https://registry.npmjs.org/@singleware/jsx/-/jsx-1.0.12.tgz",
          "integrity": "sha512-mBUJD08wK83UEPkJ7D+XkDa+FbSarDi7aqBMLLxDcmj3WCfoREVp2r5+JuNVfmcEElViQeB9Jq9hj+P7zPWURA==",
          "dev": true,
          "requires": {
            "@singleware/class": "^1.1.9"
          }
        }
      }
    },
    "@singleware/injection": {
      "version": "1.0.17",
      "resolved": "https://registry.npmjs.org/@singleware/injection/-/injection-1.0.17.tgz",
      "integrity": "sha512-8gqnlkSze5Z02K17mGqAXIBHA1keTkeWunum2HA1BHf0m15uDYQM3dpIM2fe6nid5DMkacDucF2SNXbvY7t6PQ==",
      "dev": true,
      "requires": {
        "@singleware/class": "^1.1.9"
      }
    },
    "@singleware/jsx": {
      "version": "1.0.12",
      "resolved": "https://registry.npmjs.org/@singleware/jsx/-/jsx-1.0.12.tgz",
      "integrity": "sha512-mBUJD08wK83UEPkJ7D+XkDa+FbSarDi7aqBMLLxDcmj3WCfoREVp2r5+JuNVfmcEElViQeB9Jq9hj+P7zPWURA==",
      "requires": {
        "@singleware/class": "^1.1.9"
      }
    },
    "@singleware/observable": {
      "version": "1.0.19",
      "resolved": "https://registry.npmjs.org/@singleware/observable/-/observable-1.0.19.tgz",
      "integrity": "sha512-ygb11rq6H4sC1u0W7bcwwcRQgyngkG1ckicisBysOq5v+1Af02Mr/QqsyLInPoQxcnq2OZaiFTASnfNsoxg9eg==",
      "requires": {
        "@singleware/class": "^1.1.9"
      }
    },
    "@singleware/path": {
      "version": "1.0.0",
      "resolved": "https://registry.npmjs.org/@singleware/path/-/path-1.0.0.tgz",
      "integrity": "sha512-0Nx016SAwShRjM5/32wVf+mlPOOoyORRtKXiq2hTEA4kiKcHC1LoEBXv1cOZrVuv/ZDJwOfKemClUkoC6yDluA==",
      "requires": {
        "@singleware/class": "^1.1.11"
      }
    },
    "@singleware/pipeline": {
      "version": "1.0.16",
      "resolved": "https://registry.npmjs.org/@singleware/pipeline/-/pipeline-1.0.16.tgz",
      "integrity": "sha512-KU9h7vBBFLopmvAFFMtFkwNgs+rEQq2mMyfgn3rJkzmiAy86tB5R2VDZUgi/04G7i2QNN1THbIc6MN8M+/HB0w==",
      "requires": {
        "@singleware/class": "^1.1.9",
        "@singleware/observable": "^1.0.19"
      }
    },
    "@singleware/routing": {
      "version": "1.0.23",
      "resolved": "https://registry.npmjs.org/@singleware/routing/-/routing-1.0.23.tgz",
      "integrity": "sha512-mogQJmIOxxKs9/hF0eREIQ0U4N05cM9yuwpHQxZD/wO9S1EqPxano/h2CbseK/RbluGqb6eUjvGR3JfmIt0QHA==",
      "requires": {
        "@singleware/class": "^1.1.9",
        "@singleware/pipeline": "^1.0.16"
      }
    },
    "@singleware/ui-control": {
      "version": "1.0.11",
      "resolved": "https://registry.npmjs.org/@singleware/ui-control/-/ui-control-1.0.11.tgz",
      "integrity": "sha512-yV7H0JpFNH7zFflUx49VI9FsXrHQU9/zSqTjWWfQrX4bwJlDd1b25GswDwkdRq4TX9+Ho/nlpcr7rfUZKXH8Sg==",
      "requires": {
        "@singleware/class": "^1.1.9",
        "@singleware/jsx": "^1.0.11"
      }
    },
    "prettier": {
      "version": "1.14.2",
      "resolved": "https://registry.npmjs.org/prettier/-/prettier-1.14.2.tgz",
      "integrity": "sha512-McHPg0n1pIke+A/4VcaS2en+pTNjy4xF+Uuq86u/5dyDO59/TtFZtQ708QIRkEZ3qwKz3GVkVa6mpxK/CpB8Rg==",
      "dev": true
    },
    "typescript": {
      "version": "2.9.2",
      "resolved": "https://registry.npmjs.org/typescript/-/typescript-2.9.2.tgz",
      "integrity": "sha512-Gr4p6nFNaoufRIY4NMdpQRNmgxVIGMs4Fcu/ujdYk3nAZqk7supzBE9idmvfZIlH/Cuj//dvi+019qEue9lV0w==",
      "dev": true
    }
  }
}
